
Microsoft Visual Studio Solution File, Format Version 12.00
# Visual Studio 15
VisualStudioVersion = 15.0.27703.2042
MinimumVisualStudioVersion = 10.0.40219.1
Project("{FAE04EC0-301F-11D3-BF4B-00C04F79EFBC}") = "Web", "Web\Web.csproj", "{A717194A-CF0C-4D0B-B0D6-980B0CAF9970}"
EndProject
Project("{FAE04EC0-301F-11D3-BF4B-00C04F79EFBC}") = "BZ.Common", "BZ.Common\BZ.Common.csproj", "{14D586AD-35A8-46CA-AA7C-2C657DA27E22}"
EndProject
Project("{FAE04EC0-301F-11D3-BF4B-00C04F79EFBC}") = "BZ.Repository", "BZ.Repository\BZ.Repository.csproj", "{97ECA487-E5F4-4387-9A46-0EA3A018F6B2}"
EndProject
Project("{FAE04EC0-301F-11D3-BF4B-00C04F79EFBC}") = "BZ.DbHelper", "BZ.DbHelper\BZ.DbHelper.csproj", "{803AF8FF-C81F-4864-AC6E-F24E1FB9878A}"
EndProject
Project("{FAE04EC0-301F-11D3-BF4B-00C04F79EFBC}") = "BZ.App", "BZ.App\BZ.App.csproj", "{D89EE46F-D7D4-4D6F-ABB4-FCA6229945E9}"
EndProject
Project("{FAE04EC0-301F-11D3-BF4B-00C04F79EFBC}") = "BZ.Domain", "BZ.Domain\BZ.Domain.csproj", "{9CC38161-59E8-40A1-B698-83E65B2B128E}"
EndProject
Project("{2150E333-8FDC-42A3-9474-1A3956D46DE8}") = "01 公共代码", "01 公共代码", "{98EDD9C1-BA8F-4E93-BACC-0987F36DB6D8}"
EndProject
Project("{2150E333-8FDC-42A3-9474-1A3956D46DE8}") = "02 数据库操作", "02 数据库操作", "{B7635268-FC72-439D-9390-A9D000F5AE44}"
EndProject
Project("{2150E333-8FDC-42A3-9474-1A3956D46DE8}") = "03 实体模型", "03 实体模型", "{E3D444F4-6A32-416B-B9F7-2659C99E7B16}"
EndProject
Project("{2150E333-8FDC-42A3-9474-1A3956D46DE8}") = "04 服务层", "04 服务层", "{D0B5A026-3167-4BD7-8E40-B51ED728ABA8}"
EndProject
Global
	GlobalSection(SolutionConfigurationPlatforms) = preSolution
		Debug|Any CPU = Debug|Any CPU
		Release|Any CPU = Release|Any CPU
	EndGlobalSection
	GlobalSection(ProjectConfigurationPlatforms) = postSolution
		{A717194A-CF0C-4D0B-B0D6-980B0CAF9970}.Debug|Any CPU.ActiveCfg = Debug|Any CPU
		{A717194A-CF0C-4D0B-B0D6-980B0CAF9970}.Debug|Any CPU.Build.0 = Debug|Any CPU
		{A717194A-CF0C-4D0B-B0D6-980B0CAF9970}.Release|Any CPU.ActiveCfg = Release|Any CPU
		{A717194A-CF0C-4D0B-B0D6-980B0CAF9970}.Release|Any CPU.Build.0 = Release|Any CPU
		{14D586AD-35A8-46CA-AA7C-2C657DA27E22}.Debug|Any CPU.ActiveCfg = Debug|Any CPU
		{14D586AD-35A8-46CA-AA7C-2C657DA27E22}.Debug|Any CPU.Build.0 = Debug|Any CPU
		{14D586AD-35A8-46CA-AA7C-2C657DA27E22}.Release|Any CPU.ActiveCfg = Release|Any CPU
		{14D586AD-35A8-46CA-AA7C-2C657DA27E22}.Release|Any CPU.Build.0 = Release|Any CPU
		{97ECA487-E5F4-4387-9A46-0EA3A018F6B2}.Debug|Any CPU.ActiveCfg = Debug|Any CPU
		{97ECA487-E5F4-4387-9A46-0EA3A018F6B2}.Debug|Any CPU.Build.0 = Debug|Any CPU
		{97ECA487-E5F4-4387-9A46-0EA3A018F6B2}.Release|Any CPU.ActiveCfg = Release|Any CPU
		{97ECA487-E5F4-4387-9A46-0EA3A018F6B2}.Release|Any CPU.Build.0 = Release|Any CPU
		{803AF8FF-C81F-4864-AC6E-F24E1FB9878A}.Debug|Any CPU.ActiveCfg = Debug|Any CPU
		{803AF8FF-C81F-4864-AC6E-F24E1FB9878A}.Debug|Any CPU.Build.0 = Debug|Any CPU
		{803AF8FF-C81F-4864-AC6E-F24E1FB9878A}.Release|Any CPU.ActiveCfg = Release|Any CPU
		{803AF8FF-C81F-4864-AC6E-F24E1FB9878A}.Release|Any CPU.Build.0 = Release|Any CPU
		{D89EE46F-D7D4-4D6F-ABB4-FCA6229945E9}.Debug|Any CPU.ActiveCfg = Debug|Any CPU
		{D89EE46F-D7D4-4D6F-ABB4-FCA6229945E9}.Debug|Any CPU.Build.0 = Debug|Any CPU
		{D89EE46F-D7D4-4D6F-ABB4-FCA6229945E9}.Release|Any CPU.ActiveCfg = Release|Any CPU
		{D89EE46F-D7D4-4D6F-ABB4-FCA6229945E9}.Release|Any CPU.Build.0 = Release|Any CPU
		{9CC38161-59E8-40A1-B698-83E65B2B128E}.Debug|Any CPU.ActiveCfg = Debug|Any CPU
		{9CC38161-59E8-40A1-B698-83E65B2B128E}.Debug|Any CPU.Build.0 = Debug|Any CPU
		{9CC38161-59E8-40A1-B698-83E65B2B128E}.Release|Any CPU.ActiveCfg = Release|Any CPU
		{9CC38161-59E8-40A1-B698-83E65B2B128E}.Release|Any CPU.Build.0 = Release|Any CPU
	EndGlobalSection
	GlobalSection(SolutionProperties) = preSolution
		HideSolutionNode = FALSE
	EndGlobalSection
	GlobalSection(NestedProjects) = preSolution
		{14D586AD-35A8-46CA-AA7C-2C657DA27E22} = {98EDD9C1-BA8F-4E93-BACC-0987F36DB6D8}
		{97ECA487-E5F4-4387-9A46-0EA3A018F6B2} = {D0B5A026-3167-4BD7-8E40-B51ED728ABA8}
		{803AF8FF-C81F-4864-AC6E-F24E1FB9878A} = {B7635268-FC72-439D-9390-A9D000F5AE44}
		{D89EE46F-D7D4-4D6F-ABB4-FCA6229945E9} = {D0B5A026-3167-4BD7-8E40-B51ED728ABA8}
		{9CC38161-59E8-40A1-B698-83E65B2B128E} = {E3D444F4-6A32-416B-B9F7-2659C99E7B16}
	EndGlobalSection
	GlobalSection(ExtensibilityGlobals) = postSolution
		SolutionGuid = {9851F2CD-1AD5-4A7D-B85E-E4E47098C1AA}
	EndGlobalSection
EndGlobal
